
Microsoft Visual Studio Solution File, Format Version 12.00
# Visual Studio Version 16
VisualStudioVersion = 16.0.29519.181
MinimumVisualStudioVersion = 10.0.40219.1
Project("{FAE04EC0-301F-11D3-BF4B-00C04F79EFBC}") = "Lagerverwaltung", "Lagerverwaltung\Lagerverwaltung.csproj", "{3A2A2234-8C65-4801-B4B3-2CCE470EE818}"
EndProject
Global
	GlobalSection(SolutionConfigurationPlatforms) = preSolution
		Debug|Any CPU = Debug|Any CPU
		Release|Any CPU = Release|Any CPU
	EndGlobalSection
	GlobalSection(ProjectConfigurationPlatforms) = postSolution
		{3A2A2234-8C65-4801-B4B3-2CCE470EE818}.Debug|Any CPU.ActiveCfg = Debug|Any CPU
		{3A2A2234-8C65-4801-B4B3-2CCE470EE818}.Debug|Any CPU.Build.0 = Debug|Any CPU
		{3A2A2234-8C65-4801-B4B3-2CCE470EE818}.Release|Any CPU.ActiveCfg = Release|Any CPU
		{3A2A2234-8C65-4801-B4B3-2CCE470EE818}.Release|Any CPU.Build.0 = Release|Any CPU
	EndGlobalSection
	GlobalSection(SolutionProperties) = preSolution
		HideSolutionNode = FALSE
	EndGlobalSection
	GlobalSection(ExtensibilityGlobals) = postSolution
		SolutionGuid = {542A7623-5300-4708-A926-94C1A8EB3D24}
	EndGlobalSection
EndGlobal
